# This file is automatically @generated by Poetry 2.1.1 and should not be changed by hand.

[[package]]
name = "base32-tiny"
version = "0.1.3"
description = "Base32 encoding/decoding,  RFC4648, RFC4648_HEX, Crockford"
optional = false
python-versions = ">=3.6"
groups = ["main"]
files = [
    {file = "base32_tiny-0.1.3-py3-none-any.whl", hash = "sha256:553166ff2fd5a44a6cbeea08a98fa4acee40401b5e4e4fe78ff6d3e5f9f645a5"},
    {file = "base32_tiny-0.1.3.tar.gz", hash = "sha256:2fc59c65e5a632dffa7b238164f9cd0daae9791211ea8eff93d97f175053190d"},
]

[[package]]
name = "validators"
version = "0.34.0"
description = "Python Data Validation for Humans™"
optional = false
python-versions = ">=3.8"
groups = ["main"]
files = [
    {file = "validators-0.34.0-py3-none-any.whl", hash = "sha256:c804b476e3e6d3786fa07a30073a4ef694e617805eb1946ceee3fe5a9b8b1321"},
    {file = "validators-0.34.0.tar.gz", hash = "sha256:647fe407b45af9a74d245b943b18e6a816acf4926974278f6dd617778e1e781f"},
]

[package.extras]
crypto-eth-addresses = ["eth-hash[pycryptodome] (>=0.7.0)"]

[metadata]
lock-version = "2.1"
python-versions = ">=3.11"
content-hash = "c75e0d2f51b19d5a23660bbf748bc680a3f5ce90f466e04b4e70ab4d63fec5a4"
